
Microsoft Visual Studio Solution File, Format Version 12.00
# Visual Studio Version 16
VisualStudioVersion = 16.0.29613.14
MinimumVisualStudioVersion = 10.0.40219.1
Project("{FAE04EC0-301F-11D3-BF4B-00C04F79EFBC}") = "PoP_1", "PoP_1\PoP_1.csproj", "{268D6473-ACCF-44F8-9B1C-66ACA47481A8}"
EndProject
Global
	GlobalSection(SolutionConfigurationPlatforms) = preSolution
		Debug|Any CPU = Debug|Any CPU
		Release|Any CPU = Release|Any CPU
	EndGlobalSection
	GlobalSection(ProjectConfigurationPlatforms) = postSolution
		{268D6473-ACCF-44F8-9B1C-66ACA47481A8}.Debug|Any CPU.ActiveCfg = Debug|Any CPU
		{268D6473-ACCF-44F8-9B1C-66ACA47481A8}.Debug|Any CPU.Build.0 = Debug|Any CPU
		{268D6473-ACCF-44F8-9B1C-66ACA47481A8}.Release|Any CPU.ActiveCfg = Release|Any CPU
		{268D6473-ACCF-44F8-9B1C-66ACA47481A8}.Release|Any CPU.Build.0 = Release|Any CPU
	EndGlobalSection
	GlobalSection(SolutionProperties) = preSolution
		HideSolutionNode = FALSE
	EndGlobalSection
	GlobalSection(ExtensibilityGlobals) = postSolution
		SolutionGuid = {33C26B75-E4A6-473B-B48B-4910B6523861}
	EndGlobalSection
EndGlobal
